
Microsoft Visual Studio Solution File, Format Version 12.00
# Visual Studio Version 17
VisualStudioVersion = 17.6.33815.320
MinimumVisualStudioVersion = 10.0.40219.1
Project("{FAE04EC0-301F-11D3-BF4B-00C04F79EFBC}") = "ExtendedSerialPort", "ExtendedSerialPort\ExtendedSerialPort.csproj", "{E7FDD7A2-C48F-46D3-99B4-507BDCDE3882}"
EndProject
Global
	GlobalSection(SolutionConfigurationPlatforms) = preSolution
		Debug|Any CPU = Debug|Any CPU
		Release|Any CPU = Release|Any CPU
	EndGlobalSection
	GlobalSection(ProjectConfigurationPlatforms) = postSolution
		{E7FDD7A2-C48F-46D3-99B4-507BDCDE3882}.Debug|Any CPU.ActiveCfg = Debug|Any CPU
		{E7FDD7A2-C48F-46D3-99B4-507BDCDE3882}.Debug|Any CPU.Build.0 = Debug|Any CPU
		{E7FDD7A2-C48F-46D3-99B4-507BDCDE3882}.Release|Any CPU.ActiveCfg = Release|Any CPU
		{E7FDD7A2-C48F-46D3-99B4-507BDCDE3882}.Release|Any CPU.Build.0 = Release|Any CPU
	EndGlobalSection
	GlobalSection(SolutionProperties) = preSolution
		HideSolutionNode = FALSE
	EndGlobalSection
	GlobalSection(ExtensibilityGlobals) = postSolution
		SolutionGuid = {8EFC1F2C-1471-4C62-917B-3F3E37C4A463}
	EndGlobalSection
EndGlobal
